
Microsoft Visual Studio Solution File, Format Version 11.00
# Visual Studio 2010
Project("{FAE04EC0-301F-11D3-BF4B-00C04F79EFBC}") = "skmValidators", "skmValidators\skmValidators.csproj", "{FE6C068A-5AD3-4DC2-9CDE-4438417C3514}"
EndProject
Project("{E24C65DC-7377-472B-9ABA-BC803B73C61A}") = "TestWebsite", "TestWebsite\", "{C8B9EA9C-8408-4662-BEEF-B0E4EE67E25A}"
	ProjectSection(WebsiteProperties) = preProject
		TargetFrameworkMoniker = ".NETFramework,Version%3Dv4.0"
		ProjectReferences = "{FE6C068A-5AD3-4DC2-9CDE-4438417C3514}|skmValidators.dll;"
		Debug.AspNetCompiler.VirtualPath = "/TestWebsite"
		Debug.AspNetCompiler.PhysicalPath = "TestWebsite\"
		Debug.AspNetCompiler.TargetPath = "PrecompiledWeb\TestWebsite\"
		Debug.AspNetCompiler.Updateable = "true"
		Debug.AspNetCompiler.ForceOverwrite = "true"
		Debug.AspNetCompiler.FixedNames = "false"
		Debug.AspNetCompiler.Debug = "True"
		Release.AspNetCompiler.VirtualPath = "/TestWebsite"
		Release.AspNetCompiler.PhysicalPath = "TestWebsite\"
		Release.AspNetCompiler.TargetPath = "PrecompiledWeb\TestWebsite\"
		Release.AspNetCompiler.Updateable = "true"
		Release.AspNetCompiler.ForceOverwrite = "true"
		Release.AspNetCompiler.FixedNames = "false"
		Release.AspNetCompiler.Debug = "False"
		VWDPort = "3158"
	EndProjectSection
EndProject
Global
	GlobalSection(SolutionConfigurationPlatforms) = preSolution
		Debug|.NET = Debug|.NET
		Debug|Any CPU = Debug|Any CPU
		Debug|Mixed Platforms = Debug|Mixed Platforms
		Release|.NET = Release|.NET
		Release|Any CPU = Release|Any CPU
		Release|Mixed Platforms = Release|Mixed Platforms
	EndGlobalSection
	GlobalSection(ProjectConfigurationPlatforms) = postSolution
		{FE6C068A-5AD3-4DC2-9CDE-4438417C3514}.Debug|.NET.ActiveCfg = Debug|Any CPU
		{FE6C068A-5AD3-4DC2-9CDE-4438417C3514}.Debug|Any CPU.ActiveCfg = Debug|Any CPU
		{FE6C068A-5AD3-4DC2-9CDE-4438417C3514}.Debug|Any CPU.Build.0 = Debug|Any CPU
		{FE6C068A-5AD3-4DC2-9CDE-4438417C3514}.Debug|Mixed Platforms.ActiveCfg = Debug|Any CPU
		{FE6C068A-5AD3-4DC2-9CDE-4438417C3514}.Debug|Mixed Platforms.Build.0 = Debug|Any CPU
		{FE6C068A-5AD3-4DC2-9CDE-4438417C3514}.Release|.NET.ActiveCfg = Release|Any CPU
		{FE6C068A-5AD3-4DC2-9CDE-4438417C3514}.Release|Any CPU.ActiveCfg = Release|Any CPU
		{FE6C068A-5AD3-4DC2-9CDE-4438417C3514}.Release|Any CPU.Build.0 = Release|Any CPU
		{FE6C068A-5AD3-4DC2-9CDE-4438417C3514}.Release|Mixed Platforms.ActiveCfg = Release|Any CPU
		{FE6C068A-5AD3-4DC2-9CDE-4438417C3514}.Release|Mixed Platforms.Build.0 = Release|Any CPU
		{C8B9EA9C-8408-4662-BEEF-B0E4EE67E25A}.Debug|.NET.ActiveCfg = Debug|.NET
		{C8B9EA9C-8408-4662-BEEF-B0E4EE67E25A}.Debug|.NET.Build.0 = Debug|.NET
		{C8B9EA9C-8408-4662-BEEF-B0E4EE67E25A}.Debug|Any CPU.ActiveCfg = Debug|.NET
		{C8B9EA9C-8408-4662-BEEF-B0E4EE67E25A}.Debug|Mixed Platforms.ActiveCfg = Debug|.NET
		{C8B9EA9C-8408-4662-BEEF-B0E4EE67E25A}.Debug|Mixed Platforms.Build.0 = Debug|.NET
		{C8B9EA9C-8408-4662-BEEF-B0E4EE67E25A}.Release|.NET.ActiveCfg = Debug|.NET
		{C8B9EA9C-8408-4662-BEEF-B0E4EE67E25A}.Release|.NET.Build.0 = Debug|.NET
		{C8B9EA9C-8408-4662-BEEF-B0E4EE67E25A}.Release|Any CPU.ActiveCfg = Debug|.NET
		{C8B9EA9C-8408-4662-BEEF-B0E4EE67E25A}.Release|Mixed Platforms.ActiveCfg = Debug|.NET
		{C8B9EA9C-8408-4662-BEEF-B0E4EE67E25A}.Release|Mixed Platforms.Build.0 = Debug|.NET
	EndGlobalSection
	GlobalSection(SolutionProperties) = preSolution
		HideSolutionNode = FALSE
	EndGlobalSection
EndGlobal
